// !$*UTF8*$!
{
	archiveVersion = 1;
	classes = {
	};
	objectVersion = 56;
	objects = {

/* Begin PBXBuildFile section */
		8DB30D522BCECD1500F56524 /* AppDelegate.swift in Sources */ = {isa = PBXBuildFile; fileRef = 8DB30D512BCECD1500F56524 /* AppDelegate.swift */; };
		8DB30D542BCECD1500F56524 /* SceneDelegate.swift in Sources */ = {isa = PBXBuildFile; fileRef = 8DB30D532BCECD1500F56524 /* SceneDelegate.swift */; };
		8DB30D562BCECD1500F56524 /* ViewController.swift in Sources */ = {isa = PBXBuildFile; fileRef = 8DB30D552BCECD1500F56524 /* ViewController.swift */; };
		8DB30D592BCECD1500F56524 /* Base in Resources */ = {isa = PBXBuildFile; fileRef = 8DB30D582BCECD1500F56524 /* Base */; };
		8DB30D5B2BCECD1700F56524 /* Assets.xcassets in Resources */ = {isa = PBXBuildFile; fileRef = 8DB30D5A2BCECD1700F56524 /* Assets.xcassets */; };
		8DB30D5E2BCECD1700F56524 /* Base in Resources */ = {isa = PBXBuildFile; fileRef = 8DB30D5D2BCECD1700F56524 /* Base */; };
		8DB30D692BCECD1800F56524 /* YoungTalentIosTests.swift in Sources */ = {isa = PBXBuildFile; fileRef = 8DB30D682BCECD1800F56524 /* YoungTalentIosTests.swift */; };
		8DB30D732BCECD1800F56524 /* YoungTalentIosUITests.swift in Sources */ = {isa = PBXBuildFile; fileRef = 8DB30D722BCECD1800F56524 /* YoungTalentIosUITests.swift */; };
		8DB30D752BCECD1800F56524 /* YoungTalentIosUITestsLaunchTests.swift in Sources */ = {isa = PBXBuildFile; fileRef = 8DB30D742BCECD1800F56524 /* YoungTalentIosUITestsLaunchTests.swift */; };
/* End PBXBuildFile section */

/* Begin PBXContainerItemProxy section */
		8DB30D652BCECD1800F56524 /* PBXContainerItemProxy */ = {
			isa = PBXContainerItemProxy;
			containerPortal = 8DB30D462BCECD1500F56524 /* Project object */;
			proxyType = 1;
			remoteGlobalIDString = 8DB30D4D2BCECD1500F56524;
			remoteInfo = YoungTalentIos;
		};
		8DB30D6F2BCECD1800F56524 /* PBXContainerItemProxy */ = {
			isa = PBXContainerItemProxy;
			containerPortal = 8DB30D462BCECD1500F56524 /* Project object */;
			proxyType = 1;
			remoteGlobalIDString = 8DB30D4D2BCECD1500F56524;
			remoteInfo = YoungTalentIos;
		};
/* End PBXContainerItemProxy section */

/* Begin PBXFileReference section */
		8D137D572BCFD49F0076BBA2 /* Development.xcconfig */ = {isa = PBXFileReference; lastKnownFileType = text.xcconfig; path = Development.xcconfig; sourceTree = "<group>"; };
		8D137D582BCFD4B70076BBA2 /* Production.xcconfig */ = {isa = PBXFileReference; lastKnownFileType = text.xcconfig; path = Production.xcconfig; sourceTree = "<group>"; };
		8DB30D4E2BCECD1500F56524 /* YoungTalentIosDev.app */ = {isa = PBXFileReference; explicitFileType = wrapper.application; includeInIndex = 0; path = YoungTalentIosDev.app; sourceTree = BUILT_PRODUCTS_DIR; };
		8DB30D512BCECD1500F56524 /* AppDelegate.swift */ = {isa = PBXFileReference; lastKnownFileType = sourcecode.swift; path = AppDelegate.swift; sourceTree = "<group>"; };
		8DB30D532BCECD1500F56524 /* SceneDelegate.swift */ = {isa = PBXFileReference; lastKnownFileType = sourcecode.swift; path = SceneDelegate.swift; sourceTree = "<group>"; };
		8DB30D552BCECD1500F56524 /* ViewController.swift */ = {isa = PBXFileReference; lastKnownFileType = sourcecode.swift; path = ViewController.swift; sourceTree = "<group>"; };
		8DB30D582BCECD1500F56524 /* Base */ = {isa = PBXFileReference; lastKnownFileType = file.storyboard; name = Base; path = Base.lproj/Main.storyboard; sourceTree = "<group>"; };
		8DB30D5A2BCECD1700F56524 /* Assets.xcassets */ = {isa = PBXFileReference; lastKnownFileType = folder.assetcatalog; path = Assets.xcassets; sourceTree = "<group>"; };
		8DB30D5D2BCECD1700F56524 /* Base */ = {isa = PBXFileReference; lastKnownFileType = file.storyboard; name = Base; path = Base.lproj/LaunchScreen.storyboard; sourceTree = "<group>"; };
		8DB30D5F2BCECD1700F56524 /* Info.plist */ = {isa = PBXFileReference; lastKnownFileType = text.plist.xml; path = Info.plist; sourceTree = "<group>"; };
		8DB30D642BCECD1800F56524 /* YoungTalentIosTests.xctest */ = {isa = PBXFileReference; explicitFileType = wrapper.cfbundle; includeInIndex = 0; path = YoungTalentIosTests.xctest; sourceTree = BUILT_PRODUCTS_DIR; };
		8DB30D682BCECD1800F56524 /* YoungTalentIosTests.swift */ = {isa = PBXFileReference; lastKnownFileType = sourcecode.swift; path = YoungTalentIosTests.swift; sourceTree = "<group>"; };
		8DB30D6E2BCECD1800F56524 /* YoungTalentIosUITests.xctest */ = {isa = PBXFileReference; explicitFileType = wrapper.cfbundle; includeInIndex = 0; path = YoungTalentIosUITests.xctest; sourceTree = BUILT_PRODUCTS_DIR; };
		8DB30D722BCECD1800F56524 /* YoungTalentIosUITests.swift */ = {isa = PBXFileReference; lastKnownFileType = sourcecode.swift; path = YoungTalentIosUITests.swift; sourceTree = "<group>"; };
		8DB30D742BCECD1800F56524 /* YoungTalentIosUITestsLaunchTests.swift */ = {isa = PBXFileReference; lastKnownFileType = sourcecode.swift; path = YoungTalentIosUITestsLaunchTests.swift; sourceTree = "<group>"; };
/* End PBXFileReference section */

/* Begin PBXFrameworksBuildPhase section */
		8DB30D4B2BCECD1500F56524 /* Frameworks */ = {
			isa = PBXFrameworksBuildPhase;
			buildActionMask = 2147483647;
			files = (
			);
			runOnlyForDeploymentPostprocessing = 0;
		};
		8DB30D612BCECD1800F56524 /* Frameworks */ = {
			isa = PBXFrameworksBuildPhase;
			buildActionMask = 2147483647;
			files = (
			);
			runOnlyForDeploymentPostprocessing = 0;
		};
		8DB30D6B2BCECD1800F56524 /* Frameworks */ = {
			isa = PBXFrameworksBuildPhase;
			buildActionMask = 2147483647;
			files = (
			);
			runOnlyForDeploymentPostprocessing = 0;
		};
/* End PBXFrameworksBuildPhase section */

/* Begin PBXGroup section */
		8D137D562BCFD4050076BBA2 /* Configuration */ = {
			isa = PBXGroup;
			children = (
				8D137D572BCFD49F0076BBA2 /* Development.xcconfig */,
				8D137D582BCFD4B70076BBA2 /* Production.xcconfig */,
			);
			path = Configuration;
			sourceTree = "<group>";
		};
		8DB30D452BCECD1500F56524 = {
			isa = PBXGroup;
			children = (
				8D137D562BCFD4050076BBA2 /* Configuration */,
				8DB30D502BCECD1500F56524 /* YoungTalentIos */,
				8DB30D672BCECD1800F56524 /* YoungTalentIosTests */,
				8DB30D712BCECD1800F56524 /* YoungTalentIosUITests */,
				8DB30D4F2BCECD1500F56524 /* Products */,
			);
			sourceTree = "<group>";
		};
		8DB30D4F2BCECD1500F56524 /* Products */ = {
			isa = PBXGroup;
			children = (
				8DB30D4E2BCECD1500F56524 /* YoungTalentIosDev.app */,
				8DB30D642BCECD1800F56524 /* YoungTalentIosTests.xctest */,
				8DB30D6E2BCECD1800F56524 /* YoungTalentIosUITests.xctest */,
			);
			name = Products;
			sourceTree = "<group>";
		};
		8DB30D502BCECD1500F56524 /* YoungTalentIos */ = {
			isa = PBXGroup;
			children = (
				8DB30D512BCECD1500F56524 /* AppDelegate.swift */,
				8DB30D532BCECD1500F56524 /* SceneDelegate.swift */,
				8DB30D552BCECD1500F56524 /* ViewController.swift */,
				8DB30D572BCECD1500F56524 /* Main.storyboard */,
				8DB30D5A2BCECD1700F56524 /* Assets.xcassets */,
				8DB30D5C2BCECD1700F56524 /* LaunchScreen.storyboard */,
				8DB30D5F2BCECD1700F56524 /* Info.plist */,
			);
			path = YoungTalentIos;
			sourceTree = "<group>";
		};
		8DB30D672BCECD1800F56524 /* YoungTalentIosTests */ = {
			isa = PBXGroup;
			children = (
				8DB30D682BCECD1800F56524 /* YoungTalentIosTests.swift */,
			);
			path = YoungTalentIosTests;
			sourceTree = "<group>";
		};
		8DB30D712BCECD1800F56524 /* YoungTalentIosUITests */ = {
			isa = PBXGroup;
			children = (
				8DB30D722BCECD1800F56524 /* YoungTalentIosUITests.swift */,
				8DB30D742BCECD1800F56524 /* YoungTalentIosUITestsLaunchTests.swift */,
			);
			path = YoungTalentIosUITests;
			sourceTree = "<group>";
		};
/* End PBXGroup section */

/* Begin PBXNativeTarget section */
		8DB30D4D2BCECD1500F56524 /* YoungTalentIos */ = {
			isa = PBXNativeTarget;
			buildConfigurationList = 8DB30D782BCECD1800F56524 /* Build configuration list for PBXNativeTarget "YoungTalentIos" */;
			buildPhases = (
				8DB30D4A2BCECD1500F56524 /* Sources */,
				8DB30D4B2BCECD1500F56524 /* Frameworks */,
				8DB30D4C2BCECD1500F56524 /* Resources */,
			);
			buildRules = (
			);
			dependencies = (
			);
			name = YoungTalentIos;
			productName = YoungTalentIos;
			productReference = 8DB30D4E2BCECD1500F56524 /* YoungTalentIosDev.app */;
			productType = "com.apple.product-type.application";
		};
		8DB30D632BCECD1800F56524 /* YoungTalentIosTests */ = {
			isa = PBXNativeTarget;
			buildConfigurationList = 8DB30D7B2BCECD1800F56524 /* Build configuration list for PBXNativeTarget "YoungTalentIosTests" */;
			buildPhases = (
				8DB30D602BCECD1800F56524 /* Sources */,
				8DB30D612BCECD1800F56524 /* Frameworks */,
				8DB30D622BCECD1800F56524 /* Resources */,
			);
			buildRules = (
			);
			dependencies = (
				8DB30D662BCECD1800F56524 /* PBXTargetDependency */,
			);
			name = YoungTalentIosTests;
			productName = YoungTalentIosTests;
			productReference = 8DB30D642BCECD1800F56524 /* YoungTalentIosTests.xctest */;
			productType = "com.apple.product-type.bundle.unit-test";
		};
		8DB30D6D2BCECD1800F56524 /* YoungTalentIosUITests */ = {
			isa = PBXNativeTarget;
			buildConfigurationList = 8DB30D7E2BCECD1800F56524 /* Build configuration list for PBXNativeTarget "YoungTalentIosUITests" */;
			buildPhases = (
				8DB30D6A2BCECD1800F56524 /* Sources */,
				8DB30D6B2BCECD1800F56524 /* Frameworks */,
				8DB30D6C2BCECD1800F56524 /* Resources */,
			);
			buildRules = (
			);
			dependencies = (
				8DB30D702BCECD1800F56524 /* PBXTargetDependency */,
			);
			name = YoungTalentIosUITests;
			productName = YoungTalentIosUITests;
			productReference = 8DB30D6E2BCECD1800F56524 /* YoungTalentIosUITests.xctest */;
			productType = "com.apple.product-type.bundle.ui-testing";
		};
/* End PBXNativeTarget section */

/* Begin PBXProject section */
		8DB30D462BCECD1500F56524 /* Project object */ = {
			isa = PBXProject;
			attributes = {
				BuildIndependentTargetsInParallel = YES;
				LastSwiftUpdateCheck = 1530;
				LastUpgradeCheck = 1530;
				TargetAttributes = {
					8DB30D4D2BCECD1500F56524 = {
						CreatedOnToolsVersion = 15.3;
					};
					8DB30D632BCECD1800F56524 = {
						CreatedOnToolsVersion = 15.3;
						TestTargetID = 8DB30D4D2BCECD1500F56524;
					};
					8DB30D6D2BCECD1800F56524 = {
						CreatedOnToolsVersion = 15.3;
						TestTargetID = 8DB30D4D2BCECD1500F56524;
					};
				};
			};
			buildConfigurationList = 8DB30D492BCECD1500F56524 /* Build configuration list for PBXProject "YoungTalentIos" */;
			compatibilityVersion = "Xcode 14.0";
			developmentRegion = en;
			hasScannedForEncodings = 0;
			knownRegions = (
				en,
				Base,
			);
			mainGroup = 8DB30D452BCECD1500F56524;
			productRefGroup = 8DB30D4F2BCECD1500F56524 /* Products */;
			projectDirPath = "";
			projectRoot = "";
			targets = (
				8DB30D4D2BCECD1500F56524 /* YoungTalentIos */,
				8DB30D632BCECD1800F56524 /* YoungTalentIosTests */,
				8DB30D6D2BCECD1800F56524 /* YoungTalentIosUITests */,
			);
		};
/* End PBXProject section */

/* Begin PBXResourcesBuildPhase section */
		8DB30D4C2BCECD1500F56524 /* Resources */ = {
			isa = PBXResourcesBuildPhase;
			buildActionMask = 2147483647;
			files = (
				8DB30D5B2BCECD1700F56524 /* Assets.xcassets in Resources */,
				8DB30D5E2BCECD1700F56524 /* Base in Resources */,
				8DB30D592BCECD1500F56524 /* Base in Resources */,
			);
			runOnlyForDeploymentPostprocessing = 0;
		};
		8DB30D622BCECD1800F56524 /* Resources */ = {
			isa = PBXResourcesBuildPhase;
			buildActionMask = 2147483647;
			files = (
			);
			runOnlyForDeploymentPostprocessing = 0;
		};
		8DB30D6C2BCECD1800F56524 /* Resources */ = {
			isa = PBXResourcesBuildPhase;
			buildActionMask = 2147483647;
			files = (
			);
			runOnlyForDeploymentPostprocessing = 0;
		};
/* End PBXResourcesBuildPhase section */

/* Begin PBXSourcesBuildPhase section */
		8DB30D4A2BCECD1500F56524 /* Sources */ = {
			isa = PBXSourcesBuildPhase;
			buildActionMask = 2147483647;
			files = (
				8DB30D562BCECD1500F56524 /* ViewController.swift in Sources */,
				8DB30D522BCECD1500F56524 /* AppDelegate.swift in Sources */,
				8DB30D542BCECD1500F56524 /* SceneDelegate.swift in Sources */,
			);
			runOnlyForDeploymentPostprocessing = 0;
		};
		8DB30D602BCECD1800F56524 /* Sources */ = {
			isa = PBXSourcesBuildPhase;
			buildActionMask = 2147483647;
			files = (
				8DB30D692BCECD1800F56524 /* YoungTalentIosTests.swift in Sources */,
			);
			runOnlyForDeploymentPostprocessing = 0;
		};
		8DB30D6A2BCECD1800F56524 /* Sources */ = {
			isa = PBXSourcesBuildPhase;
			buildActionMask = 2147483647;
			files = (
				8DB30D732BCECD1800F56524 /* YoungTalentIosUITests.swift in Sources */,
				8DB30D752BCECD1800F56524 /* YoungTalentIosUITestsLaunchTests.swift in Sources */,
			);
			runOnlyForDeploymentPostprocessing = 0;
		};
/* End PBXSourcesBuildPhase section */

/* Begin PBXTargetDependency section */
		8DB30D662BCECD1800F56524 /* PBXTargetDependency */ = {
			isa = PBXTargetDependency;
			target = 8DB30D4D2BCECD1500F56524 /* YoungTalentIos */;
			targetProxy = 8DB30D652BCECD1800F56524 /* PBXContainerItemProxy */;
		};
		8DB30D702BCECD1800F56524 /* PBXTargetDependency */ = {
			isa = PBXTargetDependency;
			target = 8DB30D4D2BCECD1500F56524 /* YoungTalentIos */;
			targetProxy = 8DB30D6F2BCECD1800F56524 /* PBXContainerItemProxy */;
		};
/* End PBXTargetDependency section */

/* Begin PBXVariantGroup section */
		8DB30D572BCECD1500F56524 /* Main.storyboard */ = {
			isa = PBXVariantGroup;
			children = (
				8DB30D582BCECD1500F56524 /* Base */,
			);
			name = Main.storyboard;
			sourceTree = "<group>";
		};
		8DB30D5C2BCECD1700F56524 /* LaunchScreen.storyboard */ = {
			isa = PBXVariantGroup;
			children = (
				8DB30D5D2BCECD1700F56524 /* Base */,
			);
			name = LaunchScreen.storyboard;
			sourceTree = "<group>";
		};
/* End PBXVariantGroup section */

/* Begin XCBuildConfiguration section */
		8D137D592BCFD9560076BBA2 /* ProductionDebug */ = {
			isa = XCBuildConfiguration;
			baseConfigurationReference = 8D137D582BCFD4B70076BBA2 /* Production.xcconfig */;
			buildSettings = {
				ALWAYS_SEARCH_USER_PATHS = NO;
				ASSETCATALOG_COMPILER_GENERATE_SWIFT_ASSET_SYMBOL_EXTENSIONS = YES;
				CLANG_ANALYZER_NONNULL = YES;
				CLANG_ANALYZER_NUMBER_OBJECT_CONVERSION = YES_AGGRESSIVE;
				CLANG_CXX_LANGUAGE_STANDARD = "gnu++20";
				CLANG_ENABLE_MODULES = YES;
				CLANG_ENABLE_OBJC_ARC = YES;
				CLANG_ENABLE_OBJC_WEAK = YES;
				CLANG_WARN_BLOCK_CAPTURE_AUTORELEASING = YES;
				CLANG_WARN_BOOL_CONVERSION = YES;
				CLANG_WARN_COMMA = YES;
				CLANG_WARN_CONSTANT_CONVERSION = YES;
				CLANG_WARN_DEPRECATED_OBJC_IMPLEMENTATIONS = YES;
				CLANG_WARN_DIRECT_OBJC_ISA_USAGE = YES_ERROR;
				CLANG_WARN_DOCUMENTATION_COMMENTS = YES;
				CLANG_WARN_EMPTY_BODY = YES;
				CLANG_WARN_ENUM_CONVERSION = YES;
				CLANG_WARN_INFINITE_RECURSION = YES;
				CLANG_WARN_INT_CONVERSION = YES;
				CLANG_WARN_NON_LITERAL_NULL_CONVERSION = YES;
				CLANG_WARN_OBJC_IMPLICIT_RETAIN_SELF = YES;
				CLANG_WARN_OBJC_LITERAL_CONVERSION = YES;
				CLANG_WARN_OBJC_ROOT_CLASS = YES_ERROR;
				CLANG_WARN_QUOTED_INCLUDE_IN_FRAMEWORK_HEADER = YES;
				CLANG_WARN_RANGE_LOOP_ANALYSIS = YES;
				CLANG_WARN_STRICT_PROTOTYPES = YES;
				CLANG_WARN_SUSPICIOUS_MOVE = YES;
				CLANG_WARN_UNGUARDED_AVAILABILITY = YES_AGGRESSIVE;
				CLANG_WARN_UNREACHABLE_CODE = YES;
				CLANG_WARN__DUPLICATE_METHOD_MATCH = YES;
				COPY_PHASE_STRIP = NO;
				DEBUG_INFORMATION_FORMAT = dwarf;
				ENABLE_STRICT_OBJC_MSGSEND = YES;
				ENABLE_TESTABILITY = YES;
				ENABLE_USER_SCRIPT_SANDBOXING = YES;
				GCC_C_LANGUAGE_STANDARD = gnu17;
				GCC_DYNAMIC_NO_PIC = NO;
				GCC_NO_COMMON_BLOCKS = YES;
				GCC_OPTIMIZATION_LEVEL = 0;
				GCC_PREPROCESSOR_DEFINITIONS = (
					"DEBUG=1",
					"$(inherited)",
				);
				GCC_WARN_64_TO_32_BIT_CONVERSION = YES;
				GCC_WARN_ABOUT_RETURN_TYPE = YES_ERROR;
				GCC_WARN_UNDECLARED_SELECTOR = YES;
				GCC_WARN_UNINITIALIZED_AUTOS = YES_AGGRESSIVE;
				GCC_WARN_UNUSED_FUNCTION = YES;
				GCC_WARN_UNUSED_VARIABLE = YES;
				IPHONEOS_DEPLOYMENT_TARGET = 17.4;
				LOCALIZATION_PREFERS_STRING_CATALOGS = YES;
				MTL_ENABLE_DEBUG_INFO = INCLUDE_SOURCE;
				MTL_FAST_MATH = YES;
				ONLY_ACTIVE_ARCH = YES;
				SDKROOT = iphoneos;
				SWIFT_ACTIVE_COMPILATION_CONDITIONS = "DEBUG $(inherited)";
				SWIFT_OPTIMIZATION_LEVEL = "-Onone";
			};
			name = ProductionDebug;
		};
		8D137D5A2BCFD9560076BBA2 /* ProductionDebug */ = {
			isa = XCBuildConfiguration;
			baseConfigurationReference = 8D137D582BCFD4B70076BBA2 /* Production.xcconfig */;
			buildSettings = {
				ASSETCATALOG_COMPILER_APPICON_NAME = AppIcon;
				ASSETCATALOG_COMPILER_GLOBAL_ACCENT_COLOR_NAME = AccentColor;
				CODE_SIGN_STYLE = Automatic;
				CURRENT_PROJECT_VERSION = 1;
				DEVELOPMENT_TEAM = 2U638ZS235;
				GENERATE_INFOPLIST_FILE = YES;
				INFOPLIST_FILE = YoungTalentIos/Info.plist;
				INFOPLIST_KEY_UIApplicationSupportsIndirectInputEvents = YES;
				INFOPLIST_KEY_UILaunchStoryboardName = LaunchScreen;
				INFOPLIST_KEY_UIMainStoryboardFile = Main;
				INFOPLIST_KEY_UISupportedInterfaceOrientations_iPad = "UIInterfaceOrientationPortrait UIInterfaceOrientationPortraitUpsideDown UIInterfaceOrientationLandscapeLeft UIInterfaceOrientationLandscapeRight";
				INFOPLIST_KEY_UISupportedInterfaceOrientations_iPhone = "UIInterfaceOrientationPortrait UIInterfaceOrientationLandscapeLeft UIInterfaceOrientationLandscapeRight";
				LD_RUNPATH_SEARCH_PATHS = (
					"$(inherited)",
					"@executable_path/Frameworks",
				);
				MARKETING_VERSION = 1.0;
				PRODUCT_BUNDLE_IDENTIFIER = "${BUNDLE_ID}";
				PRODUCT_NAME = "$(APP_NAME)";
				SWIFT_EMIT_LOC_STRINGS = YES;
				SWIFT_VERSION = 5.0;
				TARGETED_DEVICE_FAMILY = "1,2";
			};
			name = ProductionDebug;
		};
		8D137D5B2BCFD9560076BBA2 /* ProductionDebug */ = {
			isa = XCBuildConfiguration;
			baseConfigurationReference = 8D137D582BCFD4B70076BBA2 /* Production.xcconfig */;
			buildSettings = {
				ALWAYS_EMBED_SWIFT_STANDARD_LIBRARIES = YES;
				BUNDLE_LOADER = "$(TEST_HOST)";
				CODE_SIGN_STYLE = Automatic;
				CURRENT_PROJECT_VERSION = 1;
				DEVELOPMENT_TEAM = 2U638ZS235;
				GENERATE_INFOPLIST_FILE = YES;
				IPHONEOS_DEPLOYMENT_TARGET = 17.4;
				MARKETING_VERSION = 1.0;
				PRODUCT_BUNDLE_IDENTIFIER = com.cansuozdizlekli.YoungTalentIosTests;
				PRODUCT_NAME = "$(TARGET_NAME)";
				SWIFT_EMIT_LOC_STRINGS = NO;
				SWIFT_VERSION = 5.0;
				TARGETED_DEVICE_FAMILY = "1,2";
				TEST_HOST = "$(BUILT_PRODUCTS_DIR)/YoungTalentIos.app/$(BUNDLE_EXECUTABLE_FOLDER_PATH)/YoungTalentIos";
			};
			name = ProductionDebug;
		};
		8D137D5C2BCFD9560076BBA2 /* ProductionDebug */ = {
			isa = XCBuildConfiguration;
			baseConfigurationReference = 8D137D582BCFD4B70076BBA2 /* Production.xcconfig */;
			buildSettings = {
				ALWAYS_EMBED_SWIFT_STANDARD_LIBRARIES = YES;
				CODE_SIGN_STYLE = Automatic;
				CURRENT_PROJECT_VERSION = 1;
				DEVELOPMENT_TEAM = 2U638ZS235;
				GENERATE_INFOPLIST_FILE = YES;
				MARKETING_VERSION = 1.0;
				PRODUCT_BUNDLE_IDENTIFIER = com.cansuozdizlekli.YoungTalentIosUITests;
				PRODUCT_NAME = "$(TARGET_NAME)";
				SWIFT_EMIT_LOC_STRINGS = NO;
				SWIFT_VERSION = 5.0;
				TARGETED_DEVICE_FAMILY = "1,2";
				TEST_TARGET_NAME = YoungTalentIos;
			};
			name = ProductionDebug;
		};
		8D137D5D2BCFD9630076BBA2 /* ProductionRelease */ = {
			isa = XCBuildConfiguration;
			baseConfigurationReference = 8D137D582BCFD4B70076BBA2 /* Production.xcconfig */;
			buildSettings = {
				ALWAYS_SEARCH_USER_PATHS = NO;
				ASSETCATALOG_COMPILER_GENERATE_SWIFT_ASSET_SYMBOL_EXTENSIONS = YES;
				CLANG_ANALYZER_NONNULL = YES;
				CLANG_ANALYZER_NUMBER_OBJECT_CONVERSION = YES_AGGRESSIVE;
				CLANG_CXX_LANGUAGE_STANDARD = "gnu++20";
				CLANG_ENABLE_MODULES = YES;
				CLANG_ENABLE_OBJC_ARC = YES;
				CLANG_ENABLE_OBJC_WEAK = YES;
				CLANG_WARN_BLOCK_CAPTURE_AUTORELEASING = YES;
				CLANG_WARN_BOOL_CONVERSION = YES;
				CLANG_WARN_COMMA = YES;
				CLANG_WARN_CONSTANT_CONVERSION = YES;
				CLANG_WARN_DEPRECATED_OBJC_IMPLEMENTATIONS = YES;
				CLANG_WARN_DIRECT_OBJC_ISA_USAGE = YES_ERROR;
				CLANG_WARN_DOCUMENTATION_COMMENTS = YES;
				CLANG_WARN_EMPTY_BODY = YES;
				CLANG_WARN_ENUM_CONVERSION = YES;
				CLANG_WARN_INFINITE_RECURSION = YES;
				CLANG_WARN_INT_CONVERSION = YES;
				CLANG_WARN_NON_LITERAL_NULL_CONVERSION = YES;
				CLANG_WARN_OBJC_IMPLICIT_RETAIN_SELF = YES;
				CLANG_WARN_OBJC_LITERAL_CONVERSION = YES;
				CLANG_WARN_OBJC_ROOT_CLASS = YES_ERROR;
				CLANG_WARN_QUOTED_INCLUDE_IN_FRAMEWORK_HEADER = YES;
				CLANG_WARN_RANGE_LOOP_ANALYSIS = YES;
				CLANG_WARN_STRICT_PROTOTYPES = YES;
				CLANG_WARN_SUSPICIOUS_MOVE = YES;
				CLANG_WARN_UNGUARDED_AVAILABILITY = YES_AGGRESSIVE;
				CLANG_WARN_UNREACHABLE_CODE = YES;
				CLANG_WARN__DUPLICATE_METHOD_MATCH = YES;
				COPY_PHASE_STRIP = NO;
				DEBUG_INFORMATION_FORMAT = "dwarf-with-dsym";
				ENABLE_NS_ASSERTIONS = NO;
				ENABLE_STRICT_OBJC_MSGSEND = YES;
				ENABLE_USER_SCRIPT_SANDBOXING = YES;
				GCC_C_LANGUAGE_STANDARD = gnu17;
				GCC_NO_COMMON_BLOCKS = YES;
				GCC_WARN_64_TO_32_BIT_CONVERSION = YES;
				GCC_WARN_ABOUT_RETURN_TYPE = YES_ERROR;
				GCC_WARN_UNDECLARED_SELECTOR = YES;
				GCC_WARN_UNINITIALIZED_AUTOS = YES_AGGRESSIVE;
				GCC_WARN_UNUSED_FUNCTION = YES;
				GCC_WARN_UNUSED_VARIABLE = YES;
				IPHONEOS_DEPLOYMENT_TARGET = 17.4;
				LOCALIZATION_PREFERS_STRING_CATALOGS = YES;
				MTL_ENABLE_DEBUG_INFO = NO;
				MTL_FAST_MATH = YES;
				SDKROOT = iphoneos;
				SWIFT_COMPILATION_MODE = wholemodule;
				VALIDATE_PRODUCT = YES;
			};
			name = ProductionRelease;
		};
		8D137D5E2BCFD9630076BBA2 /* ProductionRelease */ = {
			isa = XCBuildConfiguration;
			baseConfigurationReference = 8D137D582BCFD4B70076BBA2 /* Production.xcconfig */;
			buildSettings = {
				ASSETCATALOG_COMPILER_APPICON_NAME = AppIcon;
				ASSETCATALOG_COMPILER_GLOBAL_ACCENT_COLOR_NAME = AccentColor;
				CODE_SIGN_STYLE = Automatic;
				CURRENT_PROJECT_VERSION = 1;
				DEVELOPMENT_TEAM = 2U638ZS235;
				GENERATE_INFOPLIST_FILE = YES;
				INFOPLIST_FILE = YoungTalentIos/Info.plist;
				INFOPLIST_KEY_UIApplicationSupportsIndirectInputEvents = YES;
				INFOPLIST_KEY_UILaunchStoryboardName = LaunchScreen;
				INFOPLIST_KEY_UIMainStoryboardFile = Main;
				INFOPLIST_KEY_UISupportedInterfaceOrientations_iPad = "UIInterfaceOrientationPortrait UIInterfaceOrientationPortraitUpsideDown UIInterfaceOrientationLandscapeLeft UIInterfaceOrientationLandscapeRight";
				INFOPLIST_KEY_UISupportedInterfaceOrientations_iPhone = "UIInterfaceOrientationPortrait UIInterfaceOrientationLandscapeLeft UIInterfaceOrientationLandscapeRight";
				LD_RUNPATH_SEARCH_PATHS = (
					"$(inherited)",
					"@executable_path/Frameworks",
				);
				MARKETING_VERSION = 1.0;
				PRODUCT_BUNDLE_IDENTIFIER = "${BUNDLE_ID}";
				PRODUCT_NAME = "$(APP_NAME)";
				SWIFT_EMIT_LOC_STRINGS = YES;
				SWIFT_VERSION = 5.0;
				TARGETED_DEVICE_FAMILY = "1,2";
			};
			name = ProductionRelease;
		};
		8D137D5F2BCFD9630076BBA2 /* ProductionRelease */ = {
			isa = XCBuildConfiguration;
			baseConfigurationReference = 8D137D582BCFD4B70076BBA2 /* Production.xcconfig */;
			buildSettings = {
				ALWAYS_EMBED_SWIFT_STANDARD_LIBRARIES = YES;
				BUNDLE_LOADER = "$(TEST_HOST)";
				CODE_SIGN_STYLE = Automatic;
				CURRENT_PROJECT_VERSION = 1;
				DEVELOPMENT_TEAM = 2U638ZS235;
				GENERATE_INFOPLIST_FILE = YES;
				IPHONEOS_DEPLOYMENT_TARGET = 17.4;
				MARKETING_VERSION = 1.0;
				PRODUCT_BUNDLE_IDENTIFIER = com.cansuozdizlekli.YoungTalentIosTests;
				PRODUCT_NAME = "$(TARGET_NAME)";
				SWIFT_EMIT_LOC_STRINGS = NO;
				SWIFT_VERSION = 5.0;
				TARGETED_DEVICE_FAMILY = "1,2";
				TEST_HOST = "$(BUILT_PRODUCTS_DIR)/YoungTalentIos.app/$(BUNDLE_EXECUTABLE_FOLDER_PATH)/YoungTalentIos";
			};
			name = ProductionRelease;
		};
		8D137D602BCFD9630076BBA2 /* ProductionRelease */ = {
			isa = XCBuildConfiguration;
			baseConfigurationReference = 8D137D582BCFD4B70076BBA2 /* Production.xcconfig */;
			buildSettings = {
				ALWAYS_EMBED_SWIFT_STANDARD_LIBRARIES = YES;
				CODE_SIGN_STYLE = Automatic;
				CURRENT_PROJECT_VERSION = 1;
				DEVELOPMENT_TEAM = 2U638ZS235;
				GENERATE_INFOPLIST_FILE = YES;
				MARKETING_VERSION = 1.0;
				PRODUCT_BUNDLE_IDENTIFIER = com.cansuozdizlekli.YoungTalentIosUITests;
				PRODUCT_NAME = "$(TARGET_NAME)";
				SWIFT_EMIT_LOC_STRINGS = NO;
				SWIFT_VERSION = 5.0;
				TARGETED_DEVICE_FAMILY = "1,2";
				TEST_TARGET_NAME = YoungTalentIos;
			};
			name = ProductionRelease;
		};
		8DB30D762BCECD1800F56524 /* DevelopmentDebug */ = {
			isa = XCBuildConfiguration;
			baseConfigurationReference = 8D137D572BCFD49F0076BBA2 /* Development.xcconfig */;
			buildSettings = {
				ALWAYS_SEARCH_USER_PATHS = NO;
				ASSETCATALOG_COMPILER_GENERATE_SWIFT_ASSET_SYMBOL_EXTENSIONS = YES;
				CLANG_ANALYZER_NONNULL = YES;
				CLANG_ANALYZER_NUMBER_OBJECT_CONVERSION = YES_AGGRESSIVE;
				CLANG_CXX_LANGUAGE_STANDARD = "gnu++20";
				CLANG_ENABLE_MODULES = YES;
				CLANG_ENABLE_OBJC_ARC = YES;
				CLANG_ENABLE_OBJC_WEAK = YES;
				CLANG_WARN_BLOCK_CAPTURE_AUTORELEASING = YES;
				CLANG_WARN_BOOL_CONVERSION = YES;
				CLANG_WARN_COMMA = YES;
				CLANG_WARN_CONSTANT_CONVERSION = YES;
				CLANG_WARN_DEPRECATED_OBJC_IMPLEMENTATIONS = YES;
				CLANG_WARN_DIRECT_OBJC_ISA_USAGE = YES_ERROR;
				CLANG_WARN_DOCUMENTATION_COMMENTS = YES;
				CLANG_WARN_EMPTY_BODY = YES;
				CLANG_WARN_ENUM_CONVERSION = YES;
				CLANG_WARN_INFINITE_RECURSION = YES;
				CLANG_WARN_INT_CONVERSION = YES;
				CLANG_WARN_NON_LITERAL_NULL_CONVERSION = YES;
				CLANG_WARN_OBJC_IMPLICIT_RETAIN_SELF = YES;
				CLANG_WARN_OBJC_LITERAL_CONVERSION = YES;
				CLANG_WARN_OBJC_ROOT_CLASS = YES_ERROR;
				CLANG_WARN_QUOTED_INCLUDE_IN_FRAMEWORK_HEADER = YES;
				CLANG_WARN_RANGE_LOOP_ANALYSIS = YES;
				CLANG_WARN_STRICT_PROTOTYPES = YES;
				CLANG_WARN_SUSPICIOUS_MOVE = YES;
				CLANG_WARN_UNGUARDED_AVAILABILITY = YES_AGGRESSIVE;
				CLANG_WARN_UNREACHABLE_CODE = YES;
				CLANG_WARN__DUPLICATE_METHOD_MATCH = YES;
				COPY_PHASE_STRIP = NO;
				DEBUG_INFORMATION_FORMAT = dwarf;
				ENABLE_STRICT_OBJC_MSGSEND = YES;
				ENABLE_TESTABILITY = YES;
				ENABLE_USER_SCRIPT_SANDBOXING = YES;
				GCC_C_LANGUAGE_STANDARD = gnu17;
				GCC_DYNAMIC_NO_PIC = NO;
				GCC_NO_COMMON_BLOCKS = YES;
				GCC_OPTIMIZATION_LEVEL = 0;
				GCC_PREPROCESSOR_DEFINITIONS = (
					"DEBUG=1",
					"$(inherited)",
				);
				GCC_WARN_64_TO_32_BIT_CONVERSION = YES;
				GCC_WARN_ABOUT_RETURN_TYPE = YES_ERROR;
				GCC_WARN_UNDECLARED_SELECTOR = YES;
				GCC_WARN_UNINITIALIZED_AUTOS = YES_AGGRESSIVE;
				GCC_WARN_UNUSED_FUNCTION = YES;
				GCC_WARN_UNUSED_VARIABLE = YES;
				IPHONEOS_DEPLOYMENT_TARGET = 17.4;
				LOCALIZATION_PREFERS_STRING_CATALOGS = YES;
				MTL_ENABLE_DEBUG_INFO = INCLUDE_SOURCE;
				MTL_FAST_MATH = YES;
				ONLY_ACTIVE_ARCH = YES;
				SDKROOT = iphoneos;
				SWIFT_ACTIVE_COMPILATION_CONDITIONS = "DEBUG $(inherited)";
				SWIFT_OPTIMIZATION_LEVEL = "-Onone";
			};
			name = DevelopmentDebug;
		};
		8DB30D772BCECD1800F56524 /* DevelopmentRelease */ = {
			isa = XCBuildConfiguration;
			baseConfigurationReference = 8D137D572BCFD49F0076BBA2 /* Development.xcconfig */;
			buildSettings = {
				ALWAYS_SEARCH_USER_PATHS = NO;
				ASSETCATALOG_COMPILER_GENERATE_SWIFT_ASSET_SYMBOL_EXTENSIONS = YES;
				CLANG_ANALYZER_NONNULL = YES;
				CLANG_ANALYZER_NUMBER_OBJECT_CONVERSION = YES_AGGRESSIVE;
				CLANG_CXX_LANGUAGE_STANDARD = "gnu++20";
				CLANG_ENABLE_MODULES = YES;
				CLANG_ENABLE_OBJC_ARC = YES;
				CLANG_ENABLE_OBJC_WEAK = YES;
				CLANG_WARN_BLOCK_CAPTURE_AUTORELEASING = YES;
				CLANG_WARN_BOOL_CONVERSION = YES;
				CLANG_WARN_COMMA = YES;
				CLANG_WARN_CONSTANT_CONVERSION = YES;
				CLANG_WARN_DEPRECATED_OBJC_IMPLEMENTATIONS = YES;
				CLANG_WARN_DIRECT_OBJC_ISA_USAGE = YES_ERROR;
				CLANG_WARN_DOCUMENTATION_COMMENTS = YES;
				CLANG_WARN_EMPTY_BODY = YES;
				CLANG_WARN_ENUM_CONVERSION = YES;
				CLANG_WARN_INFINITE_RECURSION = YES;
				CLANG_WARN_INT_CONVERSION = YES;
				CLANG_WARN_NON_LITERAL_NULL_CONVERSION = YES;
				CLANG_WARN_OBJC_IMPLICIT_RETAIN_SELF = YES;
				CLANG_WARN_OBJC_LITERAL_CONVERSION = YES;
				CLANG_WARN_OBJC_ROOT_CLASS = YES_ERROR;
				CLANG_WARN_QUOTED_INCLUDE_IN_FRAMEWORK_HEADER = YES;
				CLANG_WARN_RANGE_LOOP_ANALYSIS = YES;
				CLANG_WARN_STRICT_PROTOTYPES = YES;
				CLANG_WARN_SUSPICIOUS_MOVE = YES;
				CLANG_WARN_UNGUARDED_AVAILABILITY = YES_AGGRESSIVE;
				CLANG_WARN_UNREACHABLE_CODE = YES;
				CLANG_WARN__DUPLICATE_METHOD_MATCH = YES;
				COPY_PHASE_STRIP = NO;
				DEBUG_INFORMATION_FORMAT = "dwarf-with-dsym";
				ENABLE_NS_ASSERTIONS = NO;
				ENABLE_STRICT_OBJC_MSGSEND = YES;
				ENABLE_USER_SCRIPT_SANDBOXING = YES;
				GCC_C_LANGUAGE_STANDARD = gnu17;
				GCC_NO_COMMON_BLOCKS = YES;
				GCC_WARN_64_TO_32_BIT_CONVERSION = YES;
				GCC_WARN_ABOUT_RETURN_TYPE = YES_ERROR;
				GCC_WARN_UNDECLARED_SELECTOR = YES;
				GCC_WARN_UNINITIALIZED_AUTOS = YES_AGGRESSIVE;
				GCC_WARN_UNUSED_FUNCTION = YES;
				GCC_WARN_UNUSED_VARIABLE = YES;
				IPHONEOS_DEPLOYMENT_TARGET = 17.4;
				LOCALIZATION_PREFERS_STRING_CATALOGS = YES;
				MTL_ENABLE_DEBUG_INFO = NO;
				MTL_FAST_MATH = YES;
				SDKROOT = iphoneos;
				SWIFT_COMPILATION_MODE = wholemodule;
				VALIDATE_PRODUCT = YES;
			};
			name = DevelopmentRelease;
		};
		8DB30D792BCECD1800F56524 /* DevelopmentDebug */ = {
			isa = XCBuildConfiguration;
			baseConfigurationReference = 8D137D572BCFD49F0076BBA2 /* Development.xcconfig */;
			buildSettings = {
				ASSETCATALOG_COMPILER_APPICON_NAME = AppIcon;
				ASSETCATALOG_COMPILER_GLOBAL_ACCENT_COLOR_NAME = AccentColor;
				CODE_SIGN_IDENTITY = "Apple Development";
				CODE_SIGN_STYLE = Automatic;
				CURRENT_PROJECT_VERSION = 1;
				DEVELOPMENT_TEAM = "";
				GENERATE_INFOPLIST_FILE = YES;
				INFOPLIST_FILE = YoungTalentIos/Info.plist;
				INFOPLIST_KEY_UIApplicationSupportsIndirectInputEvents = YES;
				INFOPLIST_KEY_UILaunchStoryboardName = LaunchScreen;
				INFOPLIST_KEY_UIMainStoryboardFile = Main;
				INFOPLIST_KEY_UISupportedInterfaceOrientations_iPad = "UIInterfaceOrientationPortrait UIInterfaceOrientationPortraitUpsideDown UIInterfaceOrientationLandscapeLeft UIInterfaceOrientationLandscapeRight";
				INFOPLIST_KEY_UISupportedInterfaceOrientations_iPhone = "UIInterfaceOrientationPortrait UIInterfaceOrientationLandscapeLeft UIInterfaceOrientationLandscapeRight";
				LD_RUNPATH_SEARCH_PATHS = (
					"$(inherited)",
					"@executable_path/Frameworks",
				);
				MARKETING_VERSION = 1.0;
				PRODUCT_BUNDLE_IDENTIFIER = "${BUNDLE_ID}";
				PRODUCT_NAME = "$(APP_NAME)";
				PROVISIONING_PROFILE_SPECIFIER = "";
				SWIFT_EMIT_LOC_STRINGS = YES;
				SWIFT_VERSION = 5.0;
				TARGETED_DEVICE_FAMILY = "1,2";
			};
			name = DevelopmentDebug;
		};
		8DB30D7A2BCECD1800F56524 /* DevelopmentRelease */ = {
			isa = XCBuildConfiguration;
			baseConfigurationReference = 8D137D572BCFD49F0076BBA2 /* Development.xcconfig */;
			buildSettings = {
				ASSETCATALOG_COMPILER_APPICON_NAME = AppIcon;
				ASSETCATALOG_COMPILER_GLOBAL_ACCENT_COLOR_NAME = AccentColor;
				CODE_SIGN_IDENTITY = "Apple Development";
				CODE_SIGN_STYLE = Automatic;
				CURRENT_PROJECT_VERSION = 1;
				DEVELOPMENT_TEAM = "";
				GENERATE_INFOPLIST_FILE = YES;
				INFOPLIST_FILE = YoungTalentIos/Info.plist;
				INFOPLIST_KEY_UIApplicationSupportsIndirectInputEvents = YES;
				INFOPLIST_KEY_UILaunchStoryboardName = LaunchScreen;
				INFOPLIST_KEY_UIMainStoryboardFile = Main;
				INFOPLIST_KEY_UISupportedInterfaceOrientations_iPad = "UIInterfaceOrientationPortrait UIInterfaceOrientationPortraitUpsideDown UIInterfaceOrientationLandscapeLeft UIInterfaceOrientationLandscapeRight";
				INFOPLIST_KEY_UISupportedInterfaceOrientations_iPhone = "UIInterfaceOrientationPortrait UIInterfaceOrientationLandscapeLeft UIInterfaceOrientationLandscapeRight";
				LD_RUNPATH_SEARCH_PATHS = (
					"$(inherited)",
					"@executable_path/Frameworks",
				);
				MARKETING_VERSION = 1.0;
				PRODUCT_BUNDLE_IDENTIFIER = "${BUNDLE_ID}";
				PRODUCT_NAME = "$(APP_NAME)";
				PROVISIONING_PROFILE_SPECIFIER = "";
				SWIFT_EMIT_LOC_STRINGS = YES;
				SWIFT_VERSION = 5.0;
				TARGETED_DEVICE_FAMILY = "1,2";
			};
			name = DevelopmentRelease;
		};
		8DB30D7C2BCECD1800F56524 /* DevelopmentDebug */ = {
			isa = XCBuildConfiguration;
			baseConfigurationReference = 8D137D572BCFD49F0076BBA2 /* Development.xcconfig */;
			buildSettings = {
				ALWAYS_EMBED_SWIFT_STANDARD_LIBRARIES = YES;
				BUNDLE_LOADER = "$(TEST_HOST)";
				CODE_SIGN_STYLE = Automatic;
				CURRENT_PROJECT_VERSION = 1;
				DEVELOPMENT_TEAM = 2U638ZS235;
				GENERATE_INFOPLIST_FILE = YES;
				IPHONEOS_DEPLOYMENT_TARGET = 17.4;
				MARKETING_VERSION = 1.0;
				PRODUCT_BUNDLE_IDENTIFIER = com.cansuozdizlekli.YoungTalentIosTests;
				PRODUCT_NAME = "$(TARGET_NAME)";
				SWIFT_EMIT_LOC_STRINGS = NO;
				SWIFT_VERSION = 5.0;
				TARGETED_DEVICE_FAMILY = "1,2";
				TEST_HOST = "$(BUILT_PRODUCTS_DIR)/YoungTalentIos.app/$(BUNDLE_EXECUTABLE_FOLDER_PATH)/YoungTalentIos";
			};
			name = DevelopmentDebug;
		};
		8DB30D7D2BCECD1800F56524 /* DevelopmentRelease */ = {
			isa = XCBuildConfiguration;
			baseConfigurationReference = 8D137D572BCFD49F0076BBA2 /* Development.xcconfig */;
			buildSettings = {
				ALWAYS_EMBED_SWIFT_STANDARD_LIBRARIES = YES;
				BUNDLE_LOADER = "$(TEST_HOST)";
				CODE_SIGN_STYLE = Automatic;
				CURRENT_PROJECT_VERSION = 1;
				DEVELOPMENT_TEAM = 2U638ZS235;
				GENERATE_INFOPLIST_FILE = YES;
				IPHONEOS_DEPLOYMENT_TARGET = 17.4;
				MARKETING_VERSION = 1.0;
				PRODUCT_BUNDLE_IDENTIFIER = com.cansuozdizlekli.YoungTalentIosTests;
				PRODUCT_NAME = "$(TARGET_NAME)";
				SWIFT_EMIT_LOC_STRINGS = NO;
				SWIFT_VERSION = 5.0;
				TARGETED_DEVICE_FAMILY = "1,2";
				TEST_HOST = "$(BUILT_PRODUCTS_DIR)/YoungTalentIos.app/$(BUNDLE_EXECUTABLE_FOLDER_PATH)/YoungTalentIos";
			};
			name = DevelopmentRelease;
		};
		8DB30D7F2BCECD1800F56524 /* DevelopmentDebug */ = {
			isa = XCBuildConfiguration;
			baseConfigurationReference = 8D137D572BCFD49F0076BBA2 /* Development.xcconfig */;
			buildSettings = {
				ALWAYS_EMBED_SWIFT_STANDARD_LIBRARIES = YES;
				CODE_SIGN_STYLE = Automatic;
				CURRENT_PROJECT_VERSION = 1;
				DEVELOPMENT_TEAM = 2U638ZS235;
				GENERATE_INFOPLIST_FILE = YES;
				MARKETING_VERSION = 1.0;
				PRODUCT_BUNDLE_IDENTIFIER = com.cansuozdizlekli.YoungTalentIosUITests;
				PRODUCT_NAME = "$(TARGET_NAME)";
				SWIFT_EMIT_LOC_STRINGS = NO;
				SWIFT_VERSION = 5.0;
				TARGETED_DEVICE_FAMILY = "1,2";
				TEST_TARGET_NAME = YoungTalentIos;
			};
			name = DevelopmentDebug;
		};
		8DB30D802BCECD1800F56524 /* DevelopmentRelease */ = {
			isa = XCBuildConfiguration;
			baseConfigurationReference = 8D137D572BCFD49F0076BBA2 /* Development.xcconfig */;
			buildSettings = {
				ALWAYS_EMBED_SWIFT_STANDARD_LIBRARIES = YES;
				CODE_SIGN_STYLE = Automatic;
				CURRENT_PROJECT_VERSION = 1;
				DEVELOPMENT_TEAM = 2U638ZS235;
				GENERATE_INFOPLIST_FILE = YES;
				MARKETING_VERSION = 1.0;
				PRODUCT_BUNDLE_IDENTIFIER = com.cansuozdizlekli.YoungTalentIosUITests;
				PRODUCT_NAME = "$(TARGET_NAME)";
				SWIFT_EMIT_LOC_STRINGS = NO;
				SWIFT_VERSION = 5.0;
				TARGETED_DEVICE_FAMILY = "1,2";
				TEST_TARGET_NAME = YoungTalentIos;
			};
			name = DevelopmentRelease;
		};
/* End XCBuildConfiguration section */

/* Begin XCConfigurationList section */
		8DB30D492BCECD1500F56524 /* Build configuration list for PBXProject "YoungTalentIos" */ = {
			isa = XCConfigurationList;
			buildConfigurations = (
				8DB30D762BCECD1800F56524 /* DevelopmentDebug */,
				8D137D592BCFD9560076BBA2 /* ProductionDebug */,
				8DB30D772BCECD1800F56524 /* DevelopmentRelease */,
				8D137D5D2BCFD9630076BBA2 /* ProductionRelease */,
			);
			defaultConfigurationIsVisible = 0;
			defaultConfigurationName = DevelopmentRelease;
		};
		8DB30D782BCECD1800F56524 /* Build configuration list for PBXNativeTarget "YoungTalentIos" */ = {
			isa = XCConfigurationList;
			buildConfigurations = (
				8DB30D792BCECD1800F56524 /* DevelopmentDebug */,
				8D137D5A2BCFD9560076BBA2 /* ProductionDebug */,
				8DB30D7A2BCECD1800F56524 /* DevelopmentRelease */,
				8D137D5E2BCFD9630076BBA2 /* ProductionRelease */,
			);
			defaultConfigurationIsVisible = 0;
			defaultConfigurationName = DevelopmentRelease;
		};
		8DB30D7B2BCECD1800F56524 /* Build configuration list for PBXNativeTarget "YoungTalentIosTests" */ = {
			isa = XCConfigurationList;
			buildConfigurations = (
				8DB30D7C2BCECD1800F56524 /* DevelopmentDebug */,
				8D137D5B2BCFD9560076BBA2 /* ProductionDebug */,
				8DB30D7D2BCECD1800F56524 /* DevelopmentRelease */,
				8D137D5F2BCFD9630076BBA2 /* ProductionRelease */,
			);
			defaultConfigurationIsVisible = 0;
			defaultConfigurationName = DevelopmentRelease;
		};
		8DB30D7E2BCECD1800F56524 /* Build configuration list for PBXNativeTarget "YoungTalentIosUITests" */ = {
			isa = XCConfigurationList;
			buildConfigurations = (
				8DB30D7F2BCECD1800F56524 /* DevelopmentDebug */,
				8D137D5C2BCFD9560076BBA2 /* ProductionDebug */,
				8DB30D802BCECD1800F56524 /* DevelopmentRelease */,
				8D137D602BCFD9630076BBA2 /* ProductionRelease */,
			);
			defaultConfigurationIsVisible = 0;
			defaultConfigurationName = DevelopmentRelease;
		};
/* End XCConfigurationList section */
	};
	rootObject = 8DB30D462BCECD1500F56524 /* Project object */;
}
